// !$*UTF8*$!
{
	archiveVersion = 1;
	classes = {
	};
	objectVersion = 50;
	objects = {

/* Begin PBXBuildFile section */
		C4CD6D0B21C752B30003B6DE /* AppDelegate.swift in Sources */ = {isa = PBXBuildFile; fileRef = C4CD6D0A21C752B30003B6DE /* AppDelegate.swift */; };
		C4CD6D0D21C752B30003B6DE /* ViewController.swift in Sources */ = {isa = PBXBuildFile; fileRef = C4CD6D0C21C752B30003B6DE /* ViewController.swift */; };
		C4CD6D1021C752B30003B6DE /* Main.storyboard in Resources */ = {isa = PBXBuildFile; fileRef = C4CD6D0E21C752B30003B6DE /* Main.storyboard */; };
		C4CD6D1221C752B60003B6DE /* Assets.xcassets in Resources */ = {isa = PBXBuildFile; fileRef = C4CD6D1121C752B60003B6DE /* Assets.xcassets */; };
		C4CD6D1521C752B60003B6DE /* LaunchScreen.storyboard in Resources */ = {isa = PBXBuildFile; fileRef = C4CD6D1321C752B60003B6DE /* LaunchScreen.storyboard */; };
/* End PBXBuildFile section */

/* Begin PBXFileReference section */
		C4CD6D0721C752B30003B6DE /* HelloSwift_17dec18.app */ = {isa = PBXFileReference; explicitFileType = wrapper.application; includeInIndex = 0; path = HelloSwift_17dec18.app; sourceTree = BUILT_PRODUCTS_DIR; };
		C4CD6D0A21C752B30003B6DE /* AppDelegate.swift */ = {isa = PBXFileReference; lastKnownFileType = sourcecode.swift; path = AppDelegate.swift; sourceTree = "<group>"; };
		C4CD6D0C21C752B30003B6DE /* ViewController.swift */ = {isa = PBXFileReference; lastKnownFileType = sourcecode.swift; path = ViewController.swift; sourceTree = "<group>"; };
		C4CD6D0F21C752B30003B6DE /* Base */ = {isa = PBXFileReference; lastKnownFileType = file.storyboard; name = Base; path = Base.lproj/Main.storyboard; sourceTree = "<group>"; };
		C4CD6D1121C752B60003B6DE /* Assets.xcassets */ = {isa = PBXFileReference; lastKnownFileType = folder.assetcatalog; path = Assets.xcassets; sourceTree = "<group>"; };
		C4CD6D1421C752B60003B6DE /* Base */ = {isa = PBXFileReference; lastKnownFileType = file.storyboard; name = Base; path = Base.lproj/LaunchScreen.storyboard; sourceTree = "<group>"; };
		C4CD6D1621C752B60003B6DE /* Info.plist */ = {isa = PBXFileReference; lastKnownFileType = text.plist.xml; path = Info.plist; sourceTree = "<group>"; };
/* End PBXFileReference section */

/* Begin PBXFrameworksBuildPhase section */
		C4CD6D0421C752B30003B6DE /* Frameworks */ = {
			isa = PBXFrameworksBuildPhase;
			buildActionMask = 2147483647;
			files = (
			);
			runOnlyForDeploymentPostprocessing = 0;
		};
/* End PBXFrameworksBuildPhase section */

/* Begin PBXGroup section */
		C4CD6CFE21C752B30003B6DE = {
			isa = PBXGroup;
			children = (
				C4CD6D0921C752B30003B6DE /* HelloSwift_17dec18 */,
				C4CD6D0821C752B30003B6DE /* Products */,
			);
			sourceTree = "<group>";
		};
		C4CD6D0821C752B30003B6DE /* Products */ = {
			isa = PBXGroup;
			children = (
				C4CD6D0721C752B30003B6DE /* HelloSwift_17dec18.app */,
			);
			name = Products;
			sourceTree = "<group>";
		};
		C4CD6D0921C752B30003B6DE /* HelloSwift_17dec18 */ = {
			isa = PBXGroup;
			children = (
				C4CD6D0A21C752B30003B6DE /* AppDelegate.swift */,
				C4CD6D0C21C752B30003B6DE /* ViewController.swift */,
				C4CD6D0E21C752B30003B6DE /* Main.storyboard */,
				C4CD6D1121C752B60003B6DE /* Assets.xcassets */,
				C4CD6D1321C752B60003B6DE /* LaunchScreen.storyboard */,
				C4CD6D1621C752B60003B6DE /* Info.plist */,
			);
			path = HelloSwift_17dec18;
			sourceTree = "<group>";
		};
/* End PBXGroup section */

/* Begin PBXNativeTarget section */
		C4CD6D0621C752B30003B6DE /* HelloSwift_17dec18 */ = {
			isa = PBXNativeTarget;
			buildConfigurationList = C4CD6D1921C752B60003B6DE /* Build configuration list for PBXNativeTarget "HelloSwift_17dec18" */;
			buildPhases = (
				C4CD6D0321C752B30003B6DE /* Sources */,
				C4CD6D0421C752B30003B6DE /* Frameworks */,
				C4CD6D0521C752B30003B6DE /* Resources */,
			);
			buildRules = (
			);
			dependencies = (
			);
			name = HelloSwift_17dec18;
			productName = HelloSwift_17dec18;
			productReference = C4CD6D0721C752B30003B6DE /* HelloSwift_17dec18.app */;
			productType = "com.apple.product-type.application";
		};
/* End PBXNativeTarget section */

/* Begin PBXProject section */
		C4CD6CFF21C752B30003B6DE /* Project object */ = {
			isa = PBXProject;
			attributes = {
				LastSwiftUpdateCheck = 1010;
				LastUpgradeCheck = 1010;
				ORGANIZATIONNAME = MasterUNG;
				TargetAttributes = {
					C4CD6D0621C752B30003B6DE = {
						CreatedOnToolsVersion = 10.1;
					};
				};
			};
			buildConfigurationList = C4CD6D0221C752B30003B6DE /* Build configuration list for PBXProject "HelloSwift_17dec18" */;
			compatibilityVersion = "Xcode 9.3";
			developmentRegion = en;
			hasScannedForEncodings = 0;
			knownRegions = (
				en,
				Base,
			);
			mainGroup = C4CD6CFE21C752B30003B6DE;
			productRefGroup = C4CD6D0821C752B30003B6DE /* Products */;
			projectDirPath = "";
			projectRoot = "";
			targets = (
				C4CD6D0621C752B30003B6DE /* HelloSwift_17dec18 */,
			);
		};
/* End PBXProject section */

/* Begin PBXResourcesBuildPhase section */
		C4CD6D0521C752B30003B6DE /* Resources */ = {
			isa = PBXResourcesBuildPhase;
			buildActionMask = 2147483647;
			files = (
				C4CD6D1521C752B60003B6DE /* LaunchScreen.storyboard in Resources */,
				C4CD6D1221C752B60003B6DE /* Assets.xcassets in Resources */,
				C4CD6D1021C752B30003B6DE /* Main.storyboard in Resources */,
			);
			runOnlyForDeploymentPostprocessing = 0;
		};
/* End PBXResourcesBuildPhase section */

/* Begin PBXSourcesBuildPhase section */
		C4CD6D0321C752B30003B6DE /* Sources */ = {
			isa = PBXSourcesBuildPhase;
			buildActionMask = 2147483647;
			files = (
				C4CD6D0D21C752B30003B6DE /* ViewController.swift in Sources */,
				C4CD6D0B21C752B30003B6DE /* AppDelegate.swift in Sources */,
			);
			runOnlyForDeploymentPostprocessing = 0;
		};
/* End PBXSourcesBuildPhase section */

/* Begin PBXVariantGroup section */
		C4CD6D0E21C752B30003B6DE /* Main.storyboard */ = {
			isa = PBXVariantGroup;
			children = (
				C4CD6D0F21C752B30003B6DE /* Base */,
			);
			name = Main.storyboard;
			sourceTree = "<group>";
		};
		C4CD6D1321C752B60003B6DE /* LaunchScreen.storyboard */ = {
			isa = PBXVariantGroup;
			children = (
				C4CD6D1421C752B60003B6DE /* Base */,
			);
			name = LaunchScreen.storyboard;
			sourceTree = "<group>";
		};
/* End PBXVariantGroup section */

/* Begin XCBuildConfiguration section */
		C4CD6D1721C752B60003B6DE /* Debug */ = {
			isa = XCBuildConfiguration;
			buildSettings = {
				ALWAYS_SEARCH_USER_PATHS = NO;
				CLANG_ANALYZER_NONNULL = YES;
				CLANG_ANALYZER_NUMBER_OBJECT_CONVERSION = YES_AGGRESSIVE;
				CLANG_CXX_LANGUAGE_STANDARD = "gnu++14";
				CLANG_CXX_LIBRARY = "libc++";
				CLANG_ENABLE_MODULES = YES;
				CLANG_ENABLE_OBJC_ARC = YES;
				CLANG_ENABLE_OBJC_WEAK = YES;
				CLANG_WARN_BLOCK_CAPTURE_AUTORELEASING = YES;
				CLANG_WARN_BOOL_CONVERSION = YES;
				CLANG_WARN_COMMA = YES;
				CLANG_WARN_CONSTANT_CONVERSION = YES;
				CLANG_WARN_DEPRECATED_OBJC_IMPLEMENTATIONS = YES;
				CLANG_WARN_DIRECT_OBJC_ISA_USAGE = YES_ERROR;
				CLANG_WARN_DOCUMENTATION_COMMENTS = YES;
				CLANG_WARN_EMPTY_BODY = YES;
				CLANG_WARN_ENUM_CONVERSION = YES;
				CLANG_WARN_INFINITE_RECURSION = YES;
				CLANG_WARN_INT_CONVERSION = YES;
				CLANG_WARN_NON_LITERAL_NULL_CONVERSION = YES;
				CLANG_WARN_OBJC_IMPLICIT_RETAIN_SELF = YES;
				CLANG_WARN_OBJC_LITERAL_CONVERSION = YES;
				CLANG_WARN_OBJC_ROOT_CLASS = YES_ERROR;
				CLANG_WARN_RANGE_LOOP_ANALYSIS = YES;
				CLANG_WARN_STRICT_PROTOTYPES = YES;
				CLANG_WARN_SUSPICIOUS_MOVE = YES;
				CLANG_WARN_UNGUARDED_AVAILABILITY = YES_AGGRESSIVE;
				CLANG_WARN_UNREACHABLE_CODE = YES;
				CLANG_WARN__DUPLICATE_METHOD_MATCH = YES;
				CODE_SIGN_IDENTITY = "iPhone Developer";
				COPY_PHASE_STRIP = NO;
				DEBUG_INFORMATION_FORMAT = dwarf;
				ENABLE_STRICT_OBJC_MSGSEND = YES;
				ENABLE_TESTABILITY = YES;
				GCC_C_LANGUAGE_STANDARD = gnu11;
				GCC_DYNAMIC_NO_PIC = NO;
				GCC_NO_COMMON_BLOCKS = YES;
				GCC_OPTIMIZATION_LEVEL = 0;
				GCC_PREPROCESSOR_DEFINITIONS = (
					"DEBUG=1",
					"$(inherited)",
				);
				GCC_WARN_64_TO_32_BIT_CONVERSION = YES;
				GCC_WARN_ABOUT_RETURN_TYPE = YES_ERROR;
				GCC_WARN_UNDECLARED_SELECTOR = YES;
				GCC_WARN_UNINITIALIZED_AUTOS = YES_AGGRESSIVE;
				GCC_WARN_UNUSED_FUNCTION = YES;
				GCC_WARN_UNUSED_VARIABLE = YES;
				IPHONEOS_DEPLOYMENT_TARGET = 12.1;
				MTL_ENABLE_DEBUG_INFO = INCLUDE_SOURCE;
				MTL_FAST_MATH = YES;
				ONLY_ACTIVE_ARCH = YES;
				SDKROOT = iphoneos;
				SWIFT_ACTIVE_COMPILATION_CONDITIONS = DEBUG;
				SWIFT_OPTIMIZATION_LEVEL = "-Onone";
			};
			name = Debug;
		};
		C4CD6D1821C752B60003B6DE /* Release */ = {
			isa = XCBuildConfiguration;
			buildSettings = {
				ALWAYS_SEARCH_USER_PATHS = NO;
				CLANG_ANALYZER_NONNULL = YES;
				CLANG_ANALYZER_NUMBER_OBJECT_CONVERSION = YES_AGGRESSIVE;
				CLANG_CXX_LANGUAGE_STANDARD = "gnu++14";
				CLANG_CXX_LIBRARY = "libc++";
				CLANG_ENABLE_MODULES = YES;
				CLANG_ENABLE_OBJC_ARC = YES;
				CLANG_ENABLE_OBJC_WEAK = YES;
				CLANG_WARN_BLOCK_CAPTURE_AUTORELEASING = YES;
				CLANG_WARN_BOOL_CONVERSION = YES;
				CLANG_WARN_COMMA = YES;
				CLANG_WARN_CONSTANT_CONVERSION = YES;
				CLANG_WARN_DEPRECATED_OBJC_IMPLEMENTATIONS = YES;
				CLANG_WARN_DIRECT_OBJC_ISA_USAGE = YES_ERROR;
				CLANG_WARN_DOCUMENTATION_COMMENTS = YES;
				CLANG_WARN_EMPTY_BODY = YES;
				CLANG_WARN_ENUM_CONVERSION = YES;
				CLANG_WARN_INFINITE_RECURSION = YES;
				CLANG_WARN_INT_CONVERSION = YES;
				CLANG_WARN_NON_LITERAL_NULL_CONVERSION = YES;
				CLANG_WARN_OBJC_IMPLICIT_RETAIN_SELF = YES;
				CLANG_WARN_OBJC_LITERAL_CONVERSION = YES;
				CLANG_WARN_OBJC_ROOT_CLASS = YES_ERROR;
				CLANG_WARN_RANGE_LOOP_ANALYSIS = YES;
				CLANG_WARN_STRICT_PROTOTYPES = YES;
				CLANG_WARN_SUSPICIOUS_MOVE = YES;
				CLANG_WARN_UNGUARDED_AVAILABILITY = YES_AGGRESSIVE;
				CLANG_WARN_UNREACHABLE_CODE = YES;
				CLANG_WARN__DUPLICATE_METHOD_MATCH = YES;
				CODE_SIGN_IDENTITY = "iPhone Developer";
				COPY_PHASE_STRIP = NO;
				DEBUG_INFORMATION_FORMAT = "dwarf-with-dsym";
				ENABLE_NS_ASSERTIONS = NO;
				ENABLE_STRICT_OBJC_MSGSEND = YES;
				GCC_C_LANGUAGE_STANDARD = gnu11;
				GCC_NO_COMMON_BLOCKS = YES;
				GCC_WARN_64_TO_32_BIT_CONVERSION = YES;
				GCC_WARN_ABOUT_RETURN_TYPE = YES_ERROR;
				GCC_WARN_UNDECLARED_SELECTOR = YES;
				GCC_WARN_UNINITIALIZED_AUTOS = YES_AGGRESSIVE;
				GCC_WARN_UNUSED_FUNCTION = YES;
				GCC_WARN_UNUSED_VARIABLE = YES;
				IPHONEOS_DEPLOYMENT_TARGET = 12.1;
				MTL_ENABLE_DEBUG_INFO = NO;
				MTL_FAST_MATH = YES;
				SDKROOT = iphoneos;
				SWIFT_COMPILATION_MODE = wholemodule;
				SWIFT_OPTIMIZATION_LEVEL = "-O";
				VALIDATE_PRODUCT = YES;
			};
			name = Release;
		};
		C4CD6D1A21C752B60003B6DE /* Debug */ = {
			isa = XCBuildConfiguration;
			buildSettings = {
				ASSETCATALOG_COMPILER_APPICON_NAME = AppIcon;
				CODE_SIGN_STYLE = Automatic;
				INFOPLIST_FILE = HelloSwift_17dec18/Info.plist;
				LD_RUNPATH_SEARCH_PATHS = (
					"$(inherited)",
					"@executable_path/Frameworks",
				);
				PRODUCT_BUNDLE_IDENTIFIER = "androidthai.in.th.HelloSwift-17dec18";
				PRODUCT_NAME = "$(TARGET_NAME)";
				SWIFT_VERSION = 4.2;
				TARGETED_DEVICE_FAMILY = "1,2";
			};
			name = Debug;
		};
		C4CD6D1B21C752B60003B6DE /* Release */ = {
			isa = XCBuildConfiguration;
			buildSettings = {
				ASSETCATALOG_COMPILER_APPICON_NAME = AppIcon;
				CODE_SIGN_STYLE = Automatic;
				INFOPLIST_FILE = HelloSwift_17dec18/Info.plist;
				LD_RUNPATH_SEARCH_PATHS = (
					"$(inherited)",
					"@executable_path/Frameworks",
				);
				PRODUCT_BUNDLE_IDENTIFIER = "androidthai.in.th.HelloSwift-17dec18";
				PRODUCT_NAME = "$(TARGET_NAME)";
				SWIFT_VERSION = 4.2;
				TARGETED_DEVICE_FAMILY = "1,2";
			};
			name = Release;
		};
/* End XCBuildConfiguration section */

/* Begin XCConfigurationList section */
		C4CD6D0221C752B30003B6DE /* Build configuration list for PBXProject "HelloSwift_17dec18" */ = {
			isa = XCConfigurationList;
			buildConfigurations = (
				C4CD6D1721C752B60003B6DE /* Debug */,
				C4CD6D1821C752B60003B6DE /* Release */,
			);
			defaultConfigurationIsVisible = 0;
			defaultConfigurationName = Release;
		};
		C4CD6D1921C752B60003B6DE /* Build configuration list for PBXNativeTarget "HelloSwift_17dec18" */ = {
			isa = XCConfigurationList;
			buildConfigurations = (
				C4CD6D1A21C752B60003B6DE /* Debug */,
				C4CD6D1B21C752B60003B6DE /* Release */,
			);
			defaultConfigurationIsVisible = 0;
			defaultConfigurationName = Release;
		};
/* End XCConfigurationList section */
	};
	rootObject = C4CD6CFF21C752B30003B6DE /* Project object */;
}
